
Microsoft Visual Studio Solution File, Format Version 12.00
# Visual Studio Version 16
VisualStudioVersion = 16.0.29609.76
MinimumVisualStudioVersion = 10.0.40219.1
Project("{FAE04EC0-301F-11D3-BF4B-00C04F79EFBC}") = "squittal.ScrimPlanetmans.App", "squittal.ScrimPlanetmans.App\squittal.ScrimPlanetmans.App.csproj", "{A798102B-26A1-4AE2-AD93-AAECC02C52AD}"
EndProject
Project("{FAE04EC0-301F-11D3-BF4B-00C04F79EFBC}") = "squittal.ScrimPlanetmans.Shared", "squittal.ScrimPlanetmans.Shared\squittal.ScrimPlanetmans.Shared.csproj", "{922E4D88-A379-4B28-B0AA-8F7A1E04281A}"
EndProject
Global
	GlobalSection(SolutionConfigurationPlatforms) = preSolution
		Debug|Any CPU = Debug|Any CPU
		Release|Any CPU = Release|Any CPU
	EndGlobalSection
	GlobalSection(ProjectConfigurationPlatforms) = postSolution
		{A798102B-26A1-4AE2-AD93-AAECC02C52AD}.Debug|Any CPU.ActiveCfg = Debug|Any CPU
		{A798102B-26A1-4AE2-AD93-AAECC02C52AD}.Debug|Any CPU.Build.0 = Debug|Any CPU
		{A798102B-26A1-4AE2-AD93-AAECC02C52AD}.Release|Any CPU.ActiveCfg = Release|Any CPU
		{A798102B-26A1-4AE2-AD93-AAECC02C52AD}.Release|Any CPU.Build.0 = Release|Any CPU
		{922E4D88-A379-4B28-B0AA-8F7A1E04281A}.Debug|Any CPU.ActiveCfg = Debug|Any CPU
		{922E4D88-A379-4B28-B0AA-8F7A1E04281A}.Debug|Any CPU.Build.0 = Debug|Any CPU
		{922E4D88-A379-4B28-B0AA-8F7A1E04281A}.Release|Any CPU.ActiveCfg = Release|Any CPU
		{922E4D88-A379-4B28-B0AA-8F7A1E04281A}.Release|Any CPU.Build.0 = Release|Any CPU
	EndGlobalSection
	GlobalSection(SolutionProperties) = preSolution
		HideSolutionNode = FALSE
	EndGlobalSection
	GlobalSection(ExtensibilityGlobals) = postSolution
		SolutionGuid = {0AE6DBD4-681B-414E-A98D-A975123AA0B2}
	EndGlobalSection
EndGlobal
